// !$*UTF8*$!
{
	archiveVersion = 1;
	classes = {
	};
	objectVersion = 46;
	objects = {

/* Begin PBXBuildFile section */
		940435B81E60A179007AD423 /* AppDelegate.swift in Sources */ = {isa = PBXBuildFile; fileRef = 940435B71E60A179007AD423 /* AppDelegate.swift */; };
		940435BD1E60A179007AD423 /* Main.storyboard in Resources */ = {isa = PBXBuildFile; fileRef = 940435BB1E60A179007AD423 /* Main.storyboard */; };
		940435C21E60A179007AD423 /* Assets.xcassets in Resources */ = {isa = PBXBuildFile; fileRef = 940435C11E60A179007AD423 /* Assets.xcassets */; };
		940435C51E60A179007AD423 /* LaunchScreen.storyboard in Resources */ = {isa = PBXBuildFile; fileRef = 940435C31E60A179007AD423 /* LaunchScreen.storyboard */; };
		940435D01E60A513007AD423 /* ListarNotasViewController.swift in Sources */ = {isa = PBXBuildFile; fileRef = 940435CF1E60A513007AD423 /* ListarNotasViewController.swift */; };
		940435D31E60A52C007AD423 /* NotaCell.swift in Sources */ = {isa = PBXBuildFile; fileRef = 940435D11E60A52C007AD423 /* NotaCell.swift */; };
		940435D41E60A52C007AD423 /* NotaCell.xib in Resources */ = {isa = PBXBuildFile; fileRef = 940435D21E60A52C007AD423 /* NotaCell.xib */; };
		940435D91E60A5A8007AD423 /* NovaNotaViewController.swift in Sources */ = {isa = PBXBuildFile; fileRef = 940435D81E60A5A8007AD423 /* NovaNotaViewController.swift */; };
		9438DA271E6445D3000EA63F /* NotaEntity.swift in Sources */ = {isa = PBXBuildFile; fileRef = 9438DA261E6445D3000EA63F /* NotaEntity.swift */; };
		9438DA2A1E644675000EA63F /* NotasDiarias.xcdatamodeld in Sources */ = {isa = PBXBuildFile; fileRef = 9438DA281E644675000EA63F /* NotasDiarias.xcdatamodeld */; };
		9438DA2C1E64467C000EA63F /* NotaPersistencia.swift in Sources */ = {isa = PBXBuildFile; fileRef = 9438DA2B1E64467C000EA63F /* NotaPersistencia.swift */; };
/* End PBXBuildFile section */

/* Begin PBXFileReference section */
		940435B41E60A179007AD423 /* NotasDiarias.app */ = {isa = PBXFileReference; explicitFileType = wrapper.application; includeInIndex = 0; path = NotasDiarias.app; sourceTree = BUILT_PRODUCTS_DIR; };
		940435B71E60A179007AD423 /* AppDelegate.swift */ = {isa = PBXFileReference; lastKnownFileType = sourcecode.swift; path = AppDelegate.swift; sourceTree = "<group>"; };
		940435BC1E60A179007AD423 /* Base */ = {isa = PBXFileReference; lastKnownFileType = file.storyboard; name = Base; path = Base.lproj/Main.storyboard; sourceTree = "<group>"; };
		940435C11E60A179007AD423 /* Assets.xcassets */ = {isa = PBXFileReference; lastKnownFileType = folder.assetcatalog; path = Assets.xcassets; sourceTree = "<group>"; };
		940435C41E60A179007AD423 /* Base */ = {isa = PBXFileReference; lastKnownFileType = file.storyboard; name = Base; path = Base.lproj/LaunchScreen.storyboard; sourceTree = "<group>"; };
		940435C61E60A179007AD423 /* Info.plist */ = {isa = PBXFileReference; lastKnownFileType = text.plist.xml; path = Info.plist; sourceTree = "<group>"; };
		940435CF1E60A513007AD423 /* ListarNotasViewController.swift */ = {isa = PBXFileReference; fileEncoding = 4; lastKnownFileType = sourcecode.swift; path = ListarNotasViewController.swift; sourceTree = "<group>"; };
		940435D11E60A52C007AD423 /* NotaCell.swift */ = {isa = PBXFileReference; fileEncoding = 4; lastKnownFileType = sourcecode.swift; path = NotaCell.swift; sourceTree = "<group>"; };
		940435D21E60A52C007AD423 /* NotaCell.xib */ = {isa = PBXFileReference; fileEncoding = 4; lastKnownFileType = file.xib; path = NotaCell.xib; sourceTree = "<group>"; };
		940435D81E60A5A8007AD423 /* NovaNotaViewController.swift */ = {isa = PBXFileReference; fileEncoding = 4; lastKnownFileType = sourcecode.swift; path = NovaNotaViewController.swift; sourceTree = "<group>"; };
		9438DA261E6445D3000EA63F /* NotaEntity.swift */ = {isa = PBXFileReference; fileEncoding = 4; lastKnownFileType = sourcecode.swift; path = NotaEntity.swift; sourceTree = "<group>"; };
		9438DA291E644675000EA63F /* NotasDiarias.xcdatamodel */ = {isa = PBXFileReference; lastKnownFileType = wrapper.xcdatamodel; path = NotasDiarias.xcdatamodel; sourceTree = "<group>"; };
		9438DA2B1E64467C000EA63F /* NotaPersistencia.swift */ = {isa = PBXFileReference; fileEncoding = 4; lastKnownFileType = sourcecode.swift; path = NotaPersistencia.swift; sourceTree = "<group>"; };
/* End PBXFileReference section */

/* Begin PBXFrameworksBuildPhase section */
		940435B11E60A179007AD423 /* Frameworks */ = {
			isa = PBXFrameworksBuildPhase;
			buildActionMask = 2147483647;
			files = (
			);
			runOnlyForDeploymentPostprocessing = 0;
		};
/* End PBXFrameworksBuildPhase section */

/* Begin PBXGroup section */
		940435AB1E60A179007AD423 = {
			isa = PBXGroup;
			children = (
				940435B61E60A179007AD423 /* NotasDiarias */,
				940435B51E60A179007AD423 /* Products */,
			);
			sourceTree = "<group>";
		};
		940435B51E60A179007AD423 /* Products */ = {
			isa = PBXGroup;
			children = (
				940435B41E60A179007AD423 /* NotasDiarias.app */,
			);
			name = Products;
			sourceTree = "<group>";
		};
		940435B61E60A179007AD423 /* NotasDiarias */ = {
			isa = PBXGroup;
			children = (
				940435DA1E60AAD1007AD423 /* Persistencia */,
				940435CC1E60A4F3007AD423 /* Controllers */,
				940435B71E60A179007AD423 /* AppDelegate.swift */,
				940435BB1E60A179007AD423 /* Main.storyboard */,
				940435C11E60A179007AD423 /* Assets.xcassets */,
				940435C31E60A179007AD423 /* LaunchScreen.storyboard */,
				940435C61E60A179007AD423 /* Info.plist */,
			);
			path = NotasDiarias;
			sourceTree = "<group>";
		};
		940435CC1E60A4F3007AD423 /* Controllers */ = {
			isa = PBXGroup;
			children = (
				940435D71E60A5A8007AD423 /* NovaNota */,
				940435CD1E60A4F3007AD423 /* ListarNotas */,
			);
			path = Controllers;
			sourceTree = "<group>";
		};
		940435CD1E60A4F3007AD423 /* ListarNotas */ = {
			isa = PBXGroup;
			children = (
				940435CE1E60A4F3007AD423 /* Cell */,
				940435CF1E60A513007AD423 /* ListarNotasViewController.swift */,
			);
			path = ListarNotas;
			sourceTree = "<group>";
		};
		940435CE1E60A4F3007AD423 /* Cell */ = {
			isa = PBXGroup;
			children = (
				940435D11E60A52C007AD423 /* NotaCell.swift */,
				940435D21E60A52C007AD423 /* NotaCell.xib */,
			);
			path = Cell;
			sourceTree = "<group>";
		};
		940435D71E60A5A8007AD423 /* NovaNota */ = {
			isa = PBXGroup;
			children = (
				940435D81E60A5A8007AD423 /* NovaNotaViewController.swift */,
			);
			path = NovaNota;
			sourceTree = "<group>";
		};
		940435DA1E60AAD1007AD423 /* Persistencia */ = {
			isa = PBXGroup;
			children = (
				9438DA2B1E64467C000EA63F /* NotaPersistencia.swift */,
				9438DA241E64457F000EA63F /* CoreData */,
				9438DA251E64457F000EA63F /* Entitys */,
			);
			path = Persistencia;
			sourceTree = "<group>";
		};
		9438DA241E64457F000EA63F /* CoreData */ = {
			isa = PBXGroup;
			children = (
				9438DA281E644675000EA63F /* NotasDiarias.xcdatamodeld */,
			);
			path = CoreData;
			sourceTree = "<group>";
		};
		9438DA251E64457F000EA63F /* Entitys */ = {
			isa = PBXGroup;
			children = (
				9438DA261E6445D3000EA63F /* NotaEntity.swift */,
			);
			path = Entitys;
			sourceTree = "<group>";
		};
/* End PBXGroup section */

/* Begin PBXNativeTarget section */
		940435B31E60A179007AD423 /* NotasDiarias */ = {
			isa = PBXNativeTarget;
			buildConfigurationList = 940435C91E60A179007AD423 /* Build configuration list for PBXNativeTarget "NotasDiarias" */;
			buildPhases = (
				940435B01E60A179007AD423 /* Sources */,
				940435B11E60A179007AD423 /* Frameworks */,
				940435B21E60A179007AD423 /* Resources */,
			);
			buildRules = (
			);
			dependencies = (
			);
			name = NotasDiarias;
			productName = NotasDiarias;
			productReference = 940435B41E60A179007AD423 /* NotasDiarias.app */;
			productType = "com.apple.product-type.application";
		};
/* End PBXNativeTarget section */

/* Begin PBXProject section */
		940435AC1E60A179007AD423 /* Project object */ = {
			isa = PBXProject;
			attributes = {
				LastSwiftUpdateCheck = 0820;
				LastUpgradeCheck = 0820;
				ORGANIZATIONNAME = "André Luís  Campopiano";
				TargetAttributes = {
					940435B31E60A179007AD423 = {
						CreatedOnToolsVersion = 8.2.1;
						DevelopmentTeam = K2ZUEY4TKM;
						ProvisioningStyle = Automatic;
					};
				};
			};
			buildConfigurationList = 940435AF1E60A179007AD423 /* Build configuration list for PBXProject "NotasDiarias" */;
			compatibilityVersion = "Xcode 3.2";
			developmentRegion = English;
			hasScannedForEncodings = 0;
			knownRegions = (
				en,
				Base,
			);
			mainGroup = 940435AB1E60A179007AD423;
			productRefGroup = 940435B51E60A179007AD423 /* Products */;
			projectDirPath = "";
			projectRoot = "";
			targets = (
				940435B31E60A179007AD423 /* NotasDiarias */,
			);
		};
/* End PBXProject section */

/* Begin PBXResourcesBuildPhase section */
		940435B21E60A179007AD423 /* Resources */ = {
			isa = PBXResourcesBuildPhase;
			buildActionMask = 2147483647;
			files = (
				940435C51E60A179007AD423 /* LaunchScreen.storyboard in Resources */,
				940435D41E60A52C007AD423 /* NotaCell.xib in Resources */,
				940435C21E60A179007AD423 /* Assets.xcassets in Resources */,
				940435BD1E60A179007AD423 /* Main.storyboard in Resources */,
			);
			runOnlyForDeploymentPostprocessing = 0;
		};
/* End PBXResourcesBuildPhase section */

/* Begin PBXSourcesBuildPhase section */
		940435B01E60A179007AD423 /* Sources */ = {
			isa = PBXSourcesBuildPhase;
			buildActionMask = 2147483647;
			files = (
				940435D91E60A5A8007AD423 /* NovaNotaViewController.swift in Sources */,
				9438DA2A1E644675000EA63F /* NotasDiarias.xcdatamodeld in Sources */,
				940435D31E60A52C007AD423 /* NotaCell.swift in Sources */,
				940435D01E60A513007AD423 /* ListarNotasViewController.swift in Sources */,
				9438DA2C1E64467C000EA63F /* NotaPersistencia.swift in Sources */,
				9438DA271E6445D3000EA63F /* NotaEntity.swift in Sources */,
				940435B81E60A179007AD423 /* AppDelegate.swift in Sources */,
			);
			runOnlyForDeploymentPostprocessing = 0;
		};
/* End PBXSourcesBuildPhase section */

/* Begin PBXVariantGroup section */
		940435BB1E60A179007AD423 /* Main.storyboard */ = {
			isa = PBXVariantGroup;
			children = (
				940435BC1E60A179007AD423 /* Base */,
			);
			name = Main.storyboard;
			sourceTree = "<group>";
		};
		940435C31E60A179007AD423 /* LaunchScreen.storyboard */ = {
			isa = PBXVariantGroup;
			children = (
				940435C41E60A179007AD423 /* Base */,
			);
			name = LaunchScreen.storyboard;
			sourceTree = "<group>";
		};
/* End PBXVariantGroup section */

/* Begin XCBuildConfiguration section */
		940435C71E60A179007AD423 /* Debug */ = {
			isa = XCBuildConfiguration;
			buildSettings = {
				ALWAYS_SEARCH_USER_PATHS = NO;
				CLANG_ANALYZER_NONNULL = YES;
				CLANG_CXX_LANGUAGE_STANDARD = "gnu++0x";
				CLANG_CXX_LIBRARY = "libc++";
				CLANG_ENABLE_MODULES = YES;
				CLANG_ENABLE_OBJC_ARC = YES;
				CLANG_WARN_BOOL_CONVERSION = YES;
				CLANG_WARN_CONSTANT_CONVERSION = YES;
				CLANG_WARN_DIRECT_OBJC_ISA_USAGE = YES_ERROR;
				CLANG_WARN_DOCUMENTATION_COMMENTS = YES;
				CLANG_WARN_EMPTY_BODY = YES;
				CLANG_WARN_ENUM_CONVERSION = YES;
				CLANG_WARN_INFINITE_RECURSION = YES;
				CLANG_WARN_INT_CONVERSION = YES;
				CLANG_WARN_OBJC_ROOT_CLASS = YES_ERROR;
				CLANG_WARN_SUSPICIOUS_MOVE = YES;
				CLANG_WARN_UNREACHABLE_CODE = YES;
				CLANG_WARN__DUPLICATE_METHOD_MATCH = YES;
				"CODE_SIGN_IDENTITY[sdk=iphoneos*]" = "iPhone Developer";
				COPY_PHASE_STRIP = NO;
				DEBUG_INFORMATION_FORMAT = dwarf;
				ENABLE_STRICT_OBJC_MSGSEND = YES;
				ENABLE_TESTABILITY = YES;
				GCC_C_LANGUAGE_STANDARD = gnu99;
				GCC_DYNAMIC_NO_PIC = NO;
				GCC_NO_COMMON_BLOCKS = YES;
				GCC_OPTIMIZATION_LEVEL = 0;
				GCC_PREPROCESSOR_DEFINITIONS = (
					"DEBUG=1",
					"$(inherited)",
				);
				GCC_WARN_64_TO_32_BIT_CONVERSION = YES;
				GCC_WARN_ABOUT_RETURN_TYPE = YES_ERROR;
				GCC_WARN_UNDECLARED_SELECTOR = YES;
				GCC_WARN_UNINITIALIZED_AUTOS = YES_AGGRESSIVE;
				GCC_WARN_UNUSED_FUNCTION = YES;
				GCC_WARN_UNUSED_VARIABLE = YES;
				IPHONEOS_DEPLOYMENT_TARGET = 10.2;
				MTL_ENABLE_DEBUG_INFO = YES;
				ONLY_ACTIVE_ARCH = YES;
				SDKROOT = iphoneos;
				SWIFT_ACTIVE_COMPILATION_CONDITIONS = DEBUG;
				SWIFT_OPTIMIZATION_LEVEL = "-Onone";
			};
			name = Debug;
		};
		940435C81E60A179007AD423 /* Release */ = {
			isa = XCBuildConfiguration;
			buildSettings = {
				ALWAYS_SEARCH_USER_PATHS = NO;
				CLANG_ANALYZER_NONNULL = YES;
				CLANG_CXX_LANGUAGE_STANDARD = "gnu++0x";
				CLANG_CXX_LIBRARY = "libc++";
				CLANG_ENABLE_MODULES = YES;
				CLANG_ENABLE_OBJC_ARC = YES;
				CLANG_WARN_BOOL_CONVERSION = YES;
				CLANG_WARN_CONSTANT_CONVERSION = YES;
				CLANG_WARN_DIRECT_OBJC_ISA_USAGE = YES_ERROR;
				CLANG_WARN_DOCUMENTATION_COMMENTS = YES;
				CLANG_WARN_EMPTY_BODY = YES;
				CLANG_WARN_ENUM_CONVERSION = YES;
				CLANG_WARN_INFINITE_RECURSION = YES;
				CLANG_WARN_INT_CONVERSION = YES;
				CLANG_WARN_OBJC_ROOT_CLASS = YES_ERROR;
				CLANG_WARN_SUSPICIOUS_MOVE = YES;
				CLANG_WARN_UNREACHABLE_CODE = YES;
				CLANG_WARN__DUPLICATE_METHOD_MATCH = YES;
				"CODE_SIGN_IDENTITY[sdk=iphoneos*]" = "iPhone Developer";
				COPY_PHASE_STRIP = NO;
				DEBUG_INFORMATION_FORMAT = "dwarf-with-dsym";
				ENABLE_NS_ASSERTIONS = NO;
				ENABLE_STRICT_OBJC_MSGSEND = YES;
				GCC_C_LANGUAGE_STANDARD = gnu99;
				GCC_NO_COMMON_BLOCKS = YES;
				GCC_WARN_64_TO_32_BIT_CONVERSION = YES;
				GCC_WARN_ABOUT_RETURN_TYPE = YES_ERROR;
				GCC_WARN_UNDECLARED_SELECTOR = YES;
				GCC_WARN_UNINITIALIZED_AUTOS = YES_AGGRESSIVE;
				GCC_WARN_UNUSED_FUNCTION = YES;
				GCC_WARN_UNUSED_VARIABLE = YES;
				IPHONEOS_DEPLOYMENT_TARGET = 10.2;
				MTL_ENABLE_DEBUG_INFO = NO;
				SDKROOT = iphoneos;
				SWIFT_OPTIMIZATION_LEVEL = "-Owholemodule";
				VALIDATE_PRODUCT = YES;
			};
			name = Release;
		};
		940435CA1E60A179007AD423 /* Debug */ = {
			isa = XCBuildConfiguration;
			buildSettings = {
				ASSETCATALOG_COMPILER_APPICON_NAME = AppIcon;
				DEVELOPMENT_TEAM = K2ZUEY4TKM;
				INFOPLIST_FILE = NotasDiarias/Info.plist;
				LD_RUNPATH_SEARCH_PATHS = "$(inherited) @executable_path/Frameworks";
				PRODUCT_BUNDLE_IDENTIFIER = br.com.andrecampopiano.NotasDiarias;
				PRODUCT_NAME = "$(TARGET_NAME)";
				SWIFT_VERSION = 3.0;
			};
			name = Debug;
		};
		940435CB1E60A179007AD423 /* Release */ = {
			isa = XCBuildConfiguration;
			buildSettings = {
				ASSETCATALOG_COMPILER_APPICON_NAME = AppIcon;
				DEVELOPMENT_TEAM = K2ZUEY4TKM;
				INFOPLIST_FILE = NotasDiarias/Info.plist;
				LD_RUNPATH_SEARCH_PATHS = "$(inherited) @executable_path/Frameworks";
				PRODUCT_BUNDLE_IDENTIFIER = br.com.andrecampopiano.NotasDiarias;
				PRODUCT_NAME = "$(TARGET_NAME)";
				SWIFT_VERSION = 3.0;
			};
			name = Release;
		};
/* End XCBuildConfiguration section */

/* Begin XCConfigurationList section */
		940435AF1E60A179007AD423 /* Build configuration list for PBXProject "NotasDiarias" */ = {
			isa = XCConfigurationList;
			buildConfigurations = (
				940435C71E60A179007AD423 /* Debug */,
				940435C81E60A179007AD423 /* Release */,
			);
			defaultConfigurationIsVisible = 0;
			defaultConfigurationName = Release;
		};
		940435C91E60A179007AD423 /* Build configuration list for PBXNativeTarget "NotasDiarias" */ = {
			isa = XCConfigurationList;
			buildConfigurations = (
				940435CA1E60A179007AD423 /* Debug */,
				940435CB1E60A179007AD423 /* Release */,
			);
			defaultConfigurationIsVisible = 0;
			defaultConfigurationName = Release;
		};
/* End XCConfigurationList section */

/* Begin XCVersionGroup section */
		9438DA281E644675000EA63F /* NotasDiarias.xcdatamodeld */ = {
			isa = XCVersionGroup;
			children = (
				9438DA291E644675000EA63F /* NotasDiarias.xcdatamodel */,
			);
			currentVersion = 9438DA291E644675000EA63F /* NotasDiarias.xcdatamodel */;
			path = NotasDiarias.xcdatamodeld;
			sourceTree = "<group>";
			versionGroupType = wrapper.xcdatamodel;
		};
/* End XCVersionGroup section */
	};
	rootObject = 940435AC1E60A179007AD423 /* Project object */;
}
